
Microsoft Visual Studio Solution File, Format Version 12.00
# Visual Studio Version 17
VisualStudioVersion = 17.6.33815.320
MinimumVisualStudioVersion = 10.0.40219.1
Project("{FAE04EC0-301F-11D3-BF4B-00C04F79EFBC}") = "RestaurantManager", "RestaurantManager\RestaurantManager.csproj", "{C50AA6C6-2AF6-4E67-9424-7F6CA70B9113}"
EndProject
Project("{FAE04EC0-301F-11D3-BF4B-00C04F79EFBC}") = "RestaurantManager.Test", "RestaurantManager.Test\RestaurantManager.Test.csproj", "{72319173-5E70-4D42-A23E-D64E7CA139E3}"
EndProject
Global
	GlobalSection(SolutionConfigurationPlatforms) = preSolution
		Debug|Any CPU = Debug|Any CPU
		Release|Any CPU = Release|Any CPU
	EndGlobalSection
	GlobalSection(ProjectConfigurationPlatforms) = postSolution
		{C50AA6C6-2AF6-4E67-9424-7F6CA70B9113}.Debug|Any CPU.ActiveCfg = Debug|Any CPU
		{C50AA6C6-2AF6-4E67-9424-7F6CA70B9113}.Debug|Any CPU.Build.0 = Debug|Any CPU
		{C50AA6C6-2AF6-4E67-9424-7F6CA70B9113}.Release|Any CPU.ActiveCfg = Release|Any CPU
		{C50AA6C6-2AF6-4E67-9424-7F6CA70B9113}.Release|Any CPU.Build.0 = Release|Any CPU
		{72319173-5E70-4D42-A23E-D64E7CA139E3}.Debug|Any CPU.ActiveCfg = Debug|Any CPU
		{72319173-5E70-4D42-A23E-D64E7CA139E3}.Debug|Any CPU.Build.0 = Debug|Any CPU
		{72319173-5E70-4D42-A23E-D64E7CA139E3}.Release|Any CPU.ActiveCfg = Release|Any CPU
		{72319173-5E70-4D42-A23E-D64E7CA139E3}.Release|Any CPU.Build.0 = Release|Any CPU
	EndGlobalSection
	GlobalSection(SolutionProperties) = preSolution
		HideSolutionNode = FALSE
	EndGlobalSection
	GlobalSection(ExtensibilityGlobals) = postSolution
		SolutionGuid = {751CD68A-D76C-43EA-8ED8-DA324268D187}
	EndGlobalSection
EndGlobal
